
Microsoft Visual Studio Solution File, Format Version 12.00
# Visual Studio Version 17
VisualStudioVersion = 17.0.31903.59
MinimumVisualStudioVersion = 10.0.40219.1
Project("{2150E333-8FDC-42A3-9474-1A3956D46DE8}") = "src", "src", "{827E0CD3-B72D-47B6-A68D-7590B98EB39B}"
EndProject
Project("{FAE04EC0-301F-11D3-BF4B-00C04F79EFBC}") = "NetCat.Core", "src\NetCat.Core\NetCat.Core.csproj", "{82D6B573-98FA-43DA-B8BF-0D1F06081884}"
EndProject
Project("{FAE04EC0-301F-11D3-BF4B-00C04F79EFBC}") = "NetCat.Engine", "src\NetCat.Engine\NetCat.Engine.csproj", "{DE8359F3-E399-4ED8-87CF-3614BD543701}"
EndProject
Project("{FAE04EC0-301F-11D3-BF4B-00C04F79EFBC}") = "NetCat.Network", "src\NetCat.Network\NetCat.Network.csproj", "{F94A91A8-652C-4E7F-A265-6BC0E07EFBB7}"
EndProject
Project("{FAE04EC0-301F-11D3-BF4B-00C04F79EFBC}") = "NetCat.Updater", "src\NetCat.Updater\NetCat.Updater.csproj", "{1F65CFD5-B4E6-4B9A-9BCA-016A2D88C1B8}"
EndProject
Project("{FAE04EC0-301F-11D3-BF4B-00C04F79EFBC}") = "NetCat.UI", "src\NetCat.UI\NetCat.UI.csproj", "{1676896F-24AD-486B-B9DC-DA8AF0DCDCE7}"
EndProject
Project("{2150E333-8FDC-42A3-9474-1A3956D46DE8}") = "tests", "tests", "{0AB3BF05-4346-4AA6-1389-037BE0695223}"
EndProject
Project("{FAE04EC0-301F-11D3-BF4B-00C04F79EFBC}") = "NetCat.Tests", "tests\NetCat.Tests\NetCat.Tests.csproj", "{B2A83FAB-4819-42B8-8992-0FD5B2B45654}"
EndProject
Project("{FAE04EC0-301F-11D3-BF4B-00C04F79EFBC}") = "NetCat.LifetimeProbe", "tests\NetCat.LifetimeProbe\NetCat.LifetimeProbe.csproj", "{CB1D38D0-F6D1-4CCF-9458-D27D672494EC}"
EndProject
Global
	GlobalSection(SolutionConfigurationPlatforms) = preSolution
		Debug|Any CPU = Debug|Any CPU
		Debug|x64 = Debug|x64
		Debug|x86 = Debug|x86
		Release|Any CPU = Release|Any CPU
		Release|x64 = Release|x64
		Release|x86 = Release|x86
	EndGlobalSection
	GlobalSection(ProjectConfigurationPlatforms) = postSolution
		{82D6B573-98FA-43DA-B8BF-0D1F06081884}.Debug|Any CPU.ActiveCfg = Debug|Any CPU
		{82D6B573-98FA-43DA-B8BF-0D1F06081884}.Debug|Any CPU.Build.0 = Debug|Any CPU
		{82D6B573-98FA-43DA-B8BF-0D1F06081884}.Debug|x64.ActiveCfg = Debug|Any CPU
		{82D6B573-98FA-43DA-B8BF-0D1F06081884}.Debug|x64.Build.0 = Debug|Any CPU
		{82D6B573-98FA-43DA-B8BF-0D1F06081884}.Debug|x86.ActiveCfg = Debug|Any CPU
		{82D6B573-98FA-43DA-B8BF-0D1F06081884}.Debug|x86.Build.0 = Debug|Any CPU
		{82D6B573-98FA-43DA-B8BF-0D1F06081884}.Release|Any CPU.ActiveCfg = Release|Any CPU
		{82D6B573-98FA-43DA-B8BF-0D1F06081884}.Release|Any CPU.Build.0 = Release|Any CPU
		{82D6B573-98FA-43DA-B8BF-0D1F06081884}.Release|x64.ActiveCfg = Release|Any CPU
		{82D6B573-98FA-43DA-B8BF-0D1F06081884}.Release|x64.Build.0 = Release|Any CPU
		{82D6B573-98FA-43DA-B8BF-0D1F06081884}.Release|x86.ActiveCfg = Release|Any CPU
		{82D6B573-98FA-43DA-B8BF-0D1F06081884}.Release|x86.Build.0 = Release|Any CPU
		{DE8359F3-E399-4ED8-87CF-3614BD543701}.Debug|Any CPU.ActiveCfg = Debug|Any CPU
		{DE8359F3-E399-4ED8-87CF-3614BD543701}.Debug|Any CPU.Build.0 = Debug|Any CPU
		{DE8359F3-E399-4ED8-87CF-3614BD543701}.Debug|x64.ActiveCfg = Debug|Any CPU
		{DE8359F3-E399-4ED8-87CF-3614BD543701}.Debug|x64.Build.0 = Debug|Any CPU
		{DE8359F3-E399-4ED8-87CF-3614BD543701}.Debug|x86.ActiveCfg = Debug|Any CPU
		{DE8359F3-E399-4ED8-87CF-3614BD543701}.Debug|x86.Build.0 = Debug|Any CPU
		{DE8359F3-E399-4ED8-87CF-3614BD543701}.Release|Any CPU.ActiveCfg = Release|Any CPU
		{DE8359F3-E399-4ED8-87CF-3614BD543701}.Release|Any CPU.Build.0 = Release|Any CPU
		{DE8359F3-E399-4ED8-87CF-3614BD543701}.Release|x64.ActiveCfg = Release|Any CPU
		{DE8359F3-E399-4ED8-87CF-3614BD543701}.Release|x64.Build.0 = Release|Any CPU
		{DE8359F3-E399-4ED8-87CF-3614BD543701}.Release|x86.ActiveCfg = Release|Any CPU
		{DE8359F3-E399-4ED8-87CF-3614BD543701}.Release|x86.Build.0 = Release|Any CPU
		{F94A91A8-652C-4E7F-A265-6BC0E07EFBB7}.Debug|Any CPU.ActiveCfg = Debug|Any CPU
		{F94A91A8-652C-4E7F-A265-6BC0E07EFBB7}.Debug|Any CPU.Build.0 = Debug|Any CPU
		{F94A91A8-652C-4E7F-A265-6BC0E07EFBB7}.Debug|x64.ActiveCfg = Debug|Any CPU
		{F94A91A8-652C-4E7F-A265-6BC0E07EFBB7}.Debug|x64.Build.0 = Debug|Any CPU
		{F94A91A8-652C-4E7F-A265-6BC0E07EFBB7}.Debug|x86.ActiveCfg = Debug|Any CPU
		{F94A91A8-652C-4E7F-A265-6BC0E07EFBB7}.Debug|x86.Build.0 = Debug|Any CPU
		{F94A91A8-652C-4E7F-A265-6BC0E07EFBB7}.Release|Any CPU.ActiveCfg = Release|Any CPU
		{F94A91A8-652C-4E7F-A265-6BC0E07EFBB7}.Release|Any CPU.Build.0 = Release|Any CPU
		{F94A91A8-652C-4E7F-A265-6BC0E07EFBB7}.Release|x64.ActiveCfg = Release|Any CPU
		{F94A91A8-652C-4E7F-A265-6BC0E07EFBB7}.Release|x64.Build.0 = Release|Any CPU
		{F94A91A8-652C-4E7F-A265-6BC0E07EFBB7}.Release|x86.ActiveCfg = Release|Any CPU
		{F94A91A8-652C-4E7F-A265-6BC0E07EFBB7}.Release|x86.Build.0 = Release|Any CPU
		{1F65CFD5-B4E6-4B9A-9BCA-016A2D88C1B8}.Debug|Any CPU.ActiveCfg = Debug|Any CPU
		{1F65CFD5-B4E6-4B9A-9BCA-016A2D88C1B8}.Debug|Any CPU.Build.0 = Debug|Any CPU
		{1F65CFD5-B4E6-4B9A-9BCA-016A2D88C1B8}.Debug|x64.ActiveCfg = Debug|Any CPU
		{1F65CFD5-B4E6-4B9A-9BCA-016A2D88C1B8}.Debug|x64.Build.0 = Debug|Any CPU
		{1F65CFD5-B4E6-4B9A-9BCA-016A2D88C1B8}.Debug|x86.ActiveCfg = Debug|Any CPU
		{1F65CFD5-B4E6-4B9A-9BCA-016A2D88C1B8}.Debug|x86.Build.0 = Debug|Any CPU
		{1F65CFD5-B4E6-4B9A-9BCA-016A2D88C1B8}.Release|Any CPU.ActiveCfg = Release|Any CPU
		{1F65CFD5-B4E6-4B9A-9BCA-016A2D88C1B8}.Release|Any CPU.Build.0 = Release|Any CPU
		{1F65CFD5-B4E6-4B9A-9BCA-016A2D88C1B8}.Release|x64.ActiveCfg = Release|Any CPU
		{1F65CFD5-B4E6-4B9A-9BCA-016A2D88C1B8}.Release|x64.Build.0 = Release|Any CPU
		{1F65CFD5-B4E6-4B9A-9BCA-016A2D88C1B8}.Release|x86.ActiveCfg = Release|Any CPU
		{1F65CFD5-B4E6-4B9A-9BCA-016A2D88C1B8}.Release|x86.Build.0 = Release|Any CPU
		{1676896F-24AD-486B-B9DC-DA8AF0DCDCE7}.Debug|Any CPU.ActiveCfg = Debug|Any CPU
		{1676896F-24AD-486B-B9DC-DA8AF0DCDCE7}.Debug|Any CPU.Build.0 = Debug|Any CPU
		{1676896F-24AD-486B-B9DC-DA8AF0DCDCE7}.Debug|x64.ActiveCfg = Debug|Any CPU
		{1676896F-24AD-486B-B9DC-DA8AF0DCDCE7}.Debug|x64.Build.0 = Debug|Any CPU
		{1676896F-24AD-486B-B9DC-DA8AF0DCDCE7}.Debug|x86.ActiveCfg = Debug|Any CPU
		{1676896F-24AD-486B-B9DC-DA8AF0DCDCE7}.Debug|x86.Build.0 = Debug|Any CPU
		{1676896F-24AD-486B-B9DC-DA8AF0DCDCE7}.Release|Any CPU.ActiveCfg = Release|Any CPU
		{1676896F-24AD-486B-B9DC-DA8AF0DCDCE7}.Release|Any CPU.Build.0 = Release|Any CPU
		{1676896F-24AD-486B-B9DC-DA8AF0DCDCE7}.Release|x64.ActiveCfg = Release|Any CPU
		{1676896F-24AD-486B-B9DC-DA8AF0DCDCE7}.Release|x64.Build.0 = Release|Any CPU
		{1676896F-24AD-486B-B9DC-DA8AF0DCDCE7}.Release|x86.ActiveCfg = Release|Any CPU
		{1676896F-24AD-486B-B9DC-DA8AF0DCDCE7}.Release|x86.Build.0 = Release|Any CPU
		{B2A83FAB-4819-42B8-8992-0FD5B2B45654}.Debug|Any CPU.ActiveCfg = Debug|Any CPU
		{B2A83FAB-4819-42B8-8992-0FD5B2B45654}.Debug|Any CPU.Build.0 = Debug|Any CPU
		{B2A83FAB-4819-42B8-8992-0FD5B2B45654}.Debug|x64.ActiveCfg = Debug|Any CPU
		{B2A83FAB-4819-42B8-8992-0FD5B2B45654}.Debug|x64.Build.0 = Debug|Any CPU
		{B2A83FAB-4819-42B8-8992-0FD5B2B45654}.Debug|x86.ActiveCfg = Debug|Any CPU
		{B2A83FAB-4819-42B8-8992-0FD5B2B45654}.Debug|x86.Build.0 = Debug|Any CPU
		{B2A83FAB-4819-42B8-8992-0FD5B2B45654}.Release|Any CPU.ActiveCfg = Release|Any CPU
		{B2A83FAB-4819-42B8-8992-0FD5B2B45654}.Release|Any CPU.Build.0 = Release|Any CPU
		{B2A83FAB-4819-42B8-8992-0FD5B2B45654}.Release|x64.ActiveCfg = Release|Any CPU
		{B2A83FAB-4819-42B8-8992-0FD5B2B45654}.Release|x64.Build.0 = Release|Any CPU
		{B2A83FAB-4819-42B8-8992-0FD5B2B45654}.Release|x86.ActiveCfg = Release|Any CPU
		{B2A83FAB-4819-42B8-8992-0FD5B2B45654}.Release|x86.Build.0 = Release|Any CPU
		{CB1D38D0-F6D1-4CCF-9458-D27D672494EC}.Debug|Any CPU.ActiveCfg = Debug|Any CPU
		{CB1D38D0-F6D1-4CCF-9458-D27D672494EC}.Debug|Any CPU.Build.0 = Debug|Any CPU
		{CB1D38D0-F6D1-4CCF-9458-D27D672494EC}.Debug|x64.ActiveCfg = Debug|Any CPU
		{CB1D38D0-F6D1-4CCF-9458-D27D672494EC}.Debug|x64.Build.0 = Debug|Any CPU
		{CB1D38D0-F6D1-4CCF-9458-D27D672494EC}.Debug|x86.ActiveCfg = Debug|Any CPU
		{CB1D38D0-F6D1-4CCF-9458-D27D672494EC}.Debug|x86.Build.0 = Debug|Any CPU
		{CB1D38D0-F6D1-4CCF-9458-D27D672494EC}.Release|Any CPU.ActiveCfg = Release|Any CPU
		{CB1D38D0-F6D1-4CCF-9458-D27D672494EC}.Release|Any CPU.Build.0 = Release|Any CPU
		{CB1D38D0-F6D1-4CCF-9458-D27D672494EC}.Release|x64.ActiveCfg = Release|Any CPU
		{CB1D38D0-F6D1-4CCF-9458-D27D672494EC}.Release|x64.Build.0 = Release|Any CPU
		{CB1D38D0-F6D1-4CCF-9458-D27D672494EC}.Release|x86.ActiveCfg = Release|Any CPU
		{CB1D38D0-F6D1-4CCF-9458-D27D672494EC}.Release|x86.Build.0 = Release|Any CPU
	EndGlobalSection
	GlobalSection(SolutionProperties) = preSolution
		HideSolutionNode = FALSE
	EndGlobalSection
	GlobalSection(NestedProjects) = preSolution
		{82D6B573-98FA-43DA-B8BF-0D1F06081884} = {827E0CD3-B72D-47B6-A68D-7590B98EB39B}
		{DE8359F3-E399-4ED8-87CF-3614BD543701} = {827E0CD3-B72D-47B6-A68D-7590B98EB39B}
		{F94A91A8-652C-4E7F-A265-6BC0E07EFBB7} = {827E0CD3-B72D-47B6-A68D-7590B98EB39B}
		{1F65CFD5-B4E6-4B9A-9BCA-016A2D88C1B8} = {827E0CD3-B72D-47B6-A68D-7590B98EB39B}
		{1676896F-24AD-486B-B9DC-DA8AF0DCDCE7} = {827E0CD3-B72D-47B6-A68D-7590B98EB39B}
		{B2A83FAB-4819-42B8-8992-0FD5B2B45654} = {0AB3BF05-4346-4AA6-1389-037BE0695223}
		{CB1D38D0-F6D1-4CCF-9458-D27D672494EC} = {0AB3BF05-4346-4AA6-1389-037BE0695223}
	EndGlobalSection
EndGlobal
