
Microsoft Visual Studio Solution File, Format Version 12.00
# Visual Studio Version 17
VisualStudioVersion = 17.0.31903.59
MinimumVisualStudioVersion = 10.0.40219.1
Project("{2150E333-8FDC-42A3-9474-1A3956D46DE8}") = "src", "src", "{827E0CD3-B72D-47B6-A68D-7590B98EB39B}"
EndProject
Project("{FAE04EC0-301F-11D3-BF4B-00C04F79EFBC}") = "NetCat.Core", "src\NetCat.Core\NetCat.Core.csproj", "{BCE05DB8-7937-4B7D-B9F6-24AF3F5DF68A}"
EndProject
Project("{FAE04EC0-301F-11D3-BF4B-00C04F79EFBC}") = "NetCat.Engine", "src\NetCat.Engine\NetCat.Engine.csproj", "{3606AA9F-D5F3-4A50-BCAD-B498B8BF6AC5}"
EndProject
Project("{FAE04EC0-301F-11D3-BF4B-00C04F79EFBC}") = "NetCat.Network", "src\NetCat.Network\NetCat.Network.csproj", "{34713DF3-E8A8-4BCC-88CA-5CD250EA4C11}"
EndProject
Project("{FAE04EC0-301F-11D3-BF4B-00C04F79EFBC}") = "NetCat.Updater", "src\NetCat.Updater\NetCat.Updater.csproj", "{3D0BF427-C57F-4975-BA0A-39E7D4731F07}"
EndProject
Project("{FAE04EC0-301F-11D3-BF4B-00C04F79EFBC}") = "NetCat.UI", "src\NetCat.UI\NetCat.UI.csproj", "{035B2E94-B909-40E4-AED0-E034A5BAC787}"
EndProject
Project("{2150E333-8FDC-42A3-9474-1A3956D46DE8}") = "tests", "tests", "{0AB3BF05-4346-4AA6-1389-037BE0695223}"
EndProject
Project("{FAE04EC0-301F-11D3-BF4B-00C04F79EFBC}") = "NetCat.Tests", "tests\NetCat.Tests\NetCat.Tests.csproj", "{1E9C9687-429E-4BCE-BE13-95B9E47FD687}"
EndProject
Global
	GlobalSection(SolutionConfigurationPlatforms) = preSolution
		Debug|Any CPU = Debug|Any CPU
		Debug|x64 = Debug|x64
		Debug|x86 = Debug|x86
		Release|Any CPU = Release|Any CPU
		Release|x64 = Release|x64
		Release|x86 = Release|x86
	EndGlobalSection
	GlobalSection(ProjectConfigurationPlatforms) = postSolution
		{BCE05DB8-7937-4B7D-B9F6-24AF3F5DF68A}.Debug|Any CPU.ActiveCfg = Debug|Any CPU
		{BCE05DB8-7937-4B7D-B9F6-24AF3F5DF68A}.Debug|Any CPU.Build.0 = Debug|Any CPU
		{BCE05DB8-7937-4B7D-B9F6-24AF3F5DF68A}.Debug|x64.ActiveCfg = Debug|Any CPU
		{BCE05DB8-7937-4B7D-B9F6-24AF3F5DF68A}.Debug|x64.Build.0 = Debug|Any CPU
		{BCE05DB8-7937-4B7D-B9F6-24AF3F5DF68A}.Debug|x86.ActiveCfg = Debug|Any CPU
		{BCE05DB8-7937-4B7D-B9F6-24AF3F5DF68A}.Debug|x86.Build.0 = Debug|Any CPU
		{BCE05DB8-7937-4B7D-B9F6-24AF3F5DF68A}.Release|Any CPU.ActiveCfg = Release|Any CPU
		{BCE05DB8-7937-4B7D-B9F6-24AF3F5DF68A}.Release|Any CPU.Build.0 = Release|Any CPU
		{BCE05DB8-7937-4B7D-B9F6-24AF3F5DF68A}.Release|x64.ActiveCfg = Release|Any CPU
		{BCE05DB8-7937-4B7D-B9F6-24AF3F5DF68A}.Release|x64.Build.0 = Release|Any CPU
		{BCE05DB8-7937-4B7D-B9F6-24AF3F5DF68A}.Release|x86.ActiveCfg = Release|Any CPU
		{BCE05DB8-7937-4B7D-B9F6-24AF3F5DF68A}.Release|x86.Build.0 = Release|Any CPU
		{3606AA9F-D5F3-4A50-BCAD-B498B8BF6AC5}.Debug|Any CPU.ActiveCfg = Debug|Any CPU
		{3606AA9F-D5F3-4A50-BCAD-B498B8BF6AC5}.Debug|Any CPU.Build.0 = Debug|Any CPU
		{3606AA9F-D5F3-4A50-BCAD-B498B8BF6AC5}.Debug|x64.ActiveCfg = Debug|Any CPU
		{3606AA9F-D5F3-4A50-BCAD-B498B8BF6AC5}.Debug|x64.Build.0 = Debug|Any CPU
		{3606AA9F-D5F3-4A50-BCAD-B498B8BF6AC5}.Debug|x86.ActiveCfg = Debug|Any CPU
		{3606AA9F-D5F3-4A50-BCAD-B498B8BF6AC5}.Debug|x86.Build.0 = Debug|Any CPU
		{3606AA9F-D5F3-4A50-BCAD-B498B8BF6AC5}.Release|Any CPU.ActiveCfg = Release|Any CPU
		{3606AA9F-D5F3-4A50-BCAD-B498B8BF6AC5}.Release|Any CPU.Build.0 = Release|Any CPU
		{3606AA9F-D5F3-4A50-BCAD-B498B8BF6AC5}.Release|x64.ActiveCfg = Release|Any CPU
		{3606AA9F-D5F3-4A50-BCAD-B498B8BF6AC5}.Release|x64.Build.0 = Release|Any CPU
		{3606AA9F-D5F3-4A50-BCAD-B498B8BF6AC5}.Release|x86.ActiveCfg = Release|Any CPU
		{3606AA9F-D5F3-4A50-BCAD-B498B8BF6AC5}.Release|x86.Build.0 = Release|Any CPU
		{34713DF3-E8A8-4BCC-88CA-5CD250EA4C11}.Debug|Any CPU.ActiveCfg = Debug|Any CPU
		{34713DF3-E8A8-4BCC-88CA-5CD250EA4C11}.Debug|Any CPU.Build.0 = Debug|Any CPU
		{34713DF3-E8A8-4BCC-88CA-5CD250EA4C11}.Debug|x64.ActiveCfg = Debug|Any CPU
		{34713DF3-E8A8-4BCC-88CA-5CD250EA4C11}.Debug|x64.Build.0 = Debug|Any CPU
		{34713DF3-E8A8-4BCC-88CA-5CD250EA4C11}.Debug|x86.ActiveCfg = Debug|Any CPU
		{34713DF3-E8A8-4BCC-88CA-5CD250EA4C11}.Debug|x86.Build.0 = Debug|Any CPU
		{34713DF3-E8A8-4BCC-88CA-5CD250EA4C11}.Release|Any CPU.ActiveCfg = Release|Any CPU
		{34713DF3-E8A8-4BCC-88CA-5CD250EA4C11}.Release|Any CPU.Build.0 = Release|Any CPU
		{34713DF3-E8A8-4BCC-88CA-5CD250EA4C11}.Release|x64.ActiveCfg = Release|Any CPU
		{34713DF3-E8A8-4BCC-88CA-5CD250EA4C11}.Release|x64.Build.0 = Release|Any CPU
		{34713DF3-E8A8-4BCC-88CA-5CD250EA4C11}.Release|x86.ActiveCfg = Release|Any CPU
		{34713DF3-E8A8-4BCC-88CA-5CD250EA4C11}.Release|x86.Build.0 = Release|Any CPU
		{3D0BF427-C57F-4975-BA0A-39E7D4731F07}.Debug|Any CPU.ActiveCfg = Debug|Any CPU
		{3D0BF427-C57F-4975-BA0A-39E7D4731F07}.Debug|Any CPU.Build.0 = Debug|Any CPU
		{3D0BF427-C57F-4975-BA0A-39E7D4731F07}.Debug|x64.ActiveCfg = Debug|Any CPU
		{3D0BF427-C57F-4975-BA0A-39E7D4731F07}.Debug|x64.Build.0 = Debug|Any CPU
		{3D0BF427-C57F-4975-BA0A-39E7D4731F07}.Debug|x86.ActiveCfg = Debug|Any CPU
		{3D0BF427-C57F-4975-BA0A-39E7D4731F07}.Debug|x86.Build.0 = Debug|Any CPU
		{3D0BF427-C57F-4975-BA0A-39E7D4731F07}.Release|Any CPU.ActiveCfg = Release|Any CPU
		{3D0BF427-C57F-4975-BA0A-39E7D4731F07}.Release|Any CPU.Build.0 = Release|Any CPU
		{3D0BF427-C57F-4975-BA0A-39E7D4731F07}.Release|x64.ActiveCfg = Release|Any CPU
		{3D0BF427-C57F-4975-BA0A-39E7D4731F07}.Release|x64.Build.0 = Release|Any CPU
		{3D0BF427-C57F-4975-BA0A-39E7D4731F07}.Release|x86.ActiveCfg = Release|Any CPU
		{3D0BF427-C57F-4975-BA0A-39E7D4731F07}.Release|x86.Build.0 = Release|Any CPU
		{035B2E94-B909-40E4-AED0-E034A5BAC787}.Debug|Any CPU.ActiveCfg = Debug|Any CPU
		{035B2E94-B909-40E4-AED0-E034A5BAC787}.Debug|Any CPU.Build.0 = Debug|Any CPU
		{035B2E94-B909-40E4-AED0-E034A5BAC787}.Debug|x64.ActiveCfg = Debug|Any CPU
		{035B2E94-B909-40E4-AED0-E034A5BAC787}.Debug|x64.Build.0 = Debug|Any CPU
		{035B2E94-B909-40E4-AED0-E034A5BAC787}.Debug|x86.ActiveCfg = Debug|Any CPU
		{035B2E94-B909-40E4-AED0-E034A5BAC787}.Debug|x86.Build.0 = Debug|Any CPU
		{035B2E94-B909-40E4-AED0-E034A5BAC787}.Release|Any CPU.ActiveCfg = Release|Any CPU
		{035B2E94-B909-40E4-AED0-E034A5BAC787}.Release|Any CPU.Build.0 = Release|Any CPU
		{035B2E94-B909-40E4-AED0-E034A5BAC787}.Release|x64.ActiveCfg = Release|Any CPU
		{035B2E94-B909-40E4-AED0-E034A5BAC787}.Release|x64.Build.0 = Release|Any CPU
		{035B2E94-B909-40E4-AED0-E034A5BAC787}.Release|x86.ActiveCfg = Release|Any CPU
		{035B2E94-B909-40E4-AED0-E034A5BAC787}.Release|x86.Build.0 = Release|Any CPU
		{1E9C9687-429E-4BCE-BE13-95B9E47FD687}.Debug|Any CPU.ActiveCfg = Debug|Any CPU
		{1E9C9687-429E-4BCE-BE13-95B9E47FD687}.Debug|Any CPU.Build.0 = Debug|Any CPU
		{1E9C9687-429E-4BCE-BE13-95B9E47FD687}.Debug|x64.ActiveCfg = Debug|Any CPU
		{1E9C9687-429E-4BCE-BE13-95B9E47FD687}.Debug|x64.Build.0 = Debug|Any CPU
		{1E9C9687-429E-4BCE-BE13-95B9E47FD687}.Debug|x86.ActiveCfg = Debug|Any CPU
		{1E9C9687-429E-4BCE-BE13-95B9E47FD687}.Debug|x86.Build.0 = Debug|Any CPU
		{1E9C9687-429E-4BCE-BE13-95B9E47FD687}.Release|Any CPU.ActiveCfg = Release|Any CPU
		{1E9C9687-429E-4BCE-BE13-95B9E47FD687}.Release|Any CPU.Build.0 = Release|Any CPU
		{1E9C9687-429E-4BCE-BE13-95B9E47FD687}.Release|x64.ActiveCfg = Release|Any CPU
		{1E9C9687-429E-4BCE-BE13-95B9E47FD687}.Release|x64.Build.0 = Release|Any CPU
		{1E9C9687-429E-4BCE-BE13-95B9E47FD687}.Release|x86.ActiveCfg = Release|Any CPU
		{1E9C9687-429E-4BCE-BE13-95B9E47FD687}.Release|x86.Build.0 = Release|Any CPU
	EndGlobalSection
	GlobalSection(SolutionProperties) = preSolution
		HideSolutionNode = FALSE
	EndGlobalSection
	GlobalSection(NestedProjects) = preSolution
		{BCE05DB8-7937-4B7D-B9F6-24AF3F5DF68A} = {827E0CD3-B72D-47B6-A68D-7590B98EB39B}
		{3606AA9F-D5F3-4A50-BCAD-B498B8BF6AC5} = {827E0CD3-B72D-47B6-A68D-7590B98EB39B}
		{34713DF3-E8A8-4BCC-88CA-5CD250EA4C11} = {827E0CD3-B72D-47B6-A68D-7590B98EB39B}
		{3D0BF427-C57F-4975-BA0A-39E7D4731F07} = {827E0CD3-B72D-47B6-A68D-7590B98EB39B}
		{035B2E94-B909-40E4-AED0-E034A5BAC787} = {827E0CD3-B72D-47B6-A68D-7590B98EB39B}
		{1E9C9687-429E-4BCE-BE13-95B9E47FD687} = {0AB3BF05-4346-4AA6-1389-037BE0695223}
	EndGlobalSection
EndGlobal
